
Microsoft Visual Studio Solution File, Format Version 12.00
# Visual Studio Version 16
VisualStudioVersion = 16.0.31005.135
MinimumVisualStudioVersion = 10.0.40219.1
Project("{FAE04EC0-301F-11D3-BF4B-00C04F79EFBC}") = "Basics", "Basics\Basics.csproj", "{2CDC4541-231C-49C9-8360-4B49E5AE7498}"
EndProject
Global
	GlobalSection(SolutionConfigurationPlatforms) = preSolution
		Debug|Any CPU = Debug|Any CPU
		Release|Any CPU = Release|Any CPU
	EndGlobalSection
	GlobalSection(ProjectConfigurationPlatforms) = postSolution
		{2CDC4541-231C-49C9-8360-4B49E5AE7498}.Debug|Any CPU.ActiveCfg = Debug|Any CPU
		{2CDC4541-231C-49C9-8360-4B49E5AE7498}.Debug|Any CPU.Build.0 = Debug|Any CPU
		{2CDC4541-231C-49C9-8360-4B49E5AE7498}.Release|Any CPU.ActiveCfg = Release|Any CPU
		{2CDC4541-231C-49C9-8360-4B49E5AE7498}.Release|Any CPU.Build.0 = Release|Any CPU
	EndGlobalSection
	GlobalSection(SolutionProperties) = preSolution
		HideSolutionNode = FALSE
	EndGlobalSection
	GlobalSection(ExtensibilityGlobals) = postSolution
		SolutionGuid = {9FA4626A-9599-4EE4-879F-3FEBBDA64668}
	EndGlobalSection
EndGlobal
